github.com/tenntenn/gosa v0.0.0-20181212061631-d52e1aec8c9f h1:6msoyue+/eucXa4IzAr2MIhPEbvZQflFzLmAkMxETHo=
golang.org/x/tools v0.0.0-20181218204010-d4971274fe38 h1:e07OqjPO5oqQAJqid1fAwyMi/IK+hfSYrivMpzzAJtU=
golang.org/x/tools v0.0.0-20181218204010-d4971274fe38/go.mod h1:n7NCudcB/nEzxVGmLbDWY5pfWTLqBcC2KZ6jyYvM4mQ=
