github.com/golang/protobuf v1.2.0/go.mod h1:6lQm79b+lXiMfvg/cZm0SGofjICqVBUtrP5yJMmIC1U=
github.com/tenntenn/comment v0.0.0-20181121002213-5ca9d2df41d1 h1:x2YIpGGEzLRvIPuAwbgaME/YyUumLAlY3CN6BvsAf94=
github.com/tenntenn/comment v0.0.0-20181121002213-5ca9d2df41d1/go.mod h1:EathzjUrWnMPz5E4yfCswi989Ykcx5JZy48KHjwMbx0=
github.com/tenntenn/gosa v0.0.0-20190214154943-d65ba59f6395 h1:feBiDPofaWTcv1umSpM0MeE9XwuoKNDcaGL8xXMcgWY=
github.com/tenntenn/gosa/passes/nilerr v0.0.0-20190214154943-d65ba59f6395 h1:ulr7hdN8BbxQtZrs3AnEkr6ptIeqhSGX6CqEDdCS2lU=
github.com/tenntenn/gosa/passes/nilerr v0.0.0-20190214154943-d65ba59f6395/go.mod h1:iTIPbMqlCGi5Y2dxbQ7pju7Alpoe+6GW8DGIsIma4Os=
github.com/tenntenn/gosa/passes/wraperrfmt v0.0.0-20190214154943-d65ba59f6395 h1:J2Y++bDqQnmg4btLZOF9IpAGfgGY7ORvFPk4yDjHV5I=
github.com/tenntenn/gosa/passes/wraperrfmt v0.0.0-20190214154943-d65ba59f6395/go.mod h1:S0fKUrZYV/lOBLD0XvDpd/ESVSsToyEbcOLktIxndrQ=
github.com/tenntenn/readonly v0.0.0-20181208054919-8e3cac171114/go.mod h1:QClGzduntKrX7xBATQpfsUEo0MYSeyde+3YJMgmKIOc=
golang.org/x/net v0.0.0-20180724234803-3673e40ba225/go.mod h1:mL1N/T3taQHkDXs73rZJwtUhF3w3ftmwwsq0BUmARs4=
golang.org/x/net v0.0.0-20190213061140-3a22650c66bd/go.mod h1:mL1N/T3taQHkDXs73rZJwtUhF3w3ftmwwsq0BUmARs4=
golang.org/x/sync v0.0.0-20181108010431-42b317875d0f/go.mod h1:RxMgew5VJxzue5/jJTE5uejpjVlOe/izrB70Jof72aM=
golang.org/x/text v0.3.0/go.mod h1:NqM8EUOU14njkJ3fqMW+pc6Ldnwhi/IjpwHt7yyuwOQ=
golang.org/x/tools v0.0.0-20181120234846-b5f2cae84da8/go.mod h1:n7NCudcB/nEzxVGmLbDWY5pfWTLqBcC2KZ6jyYvM4mQ=
golang.org/x/tools v0.0.0-20190213135902-6bedcd10978a/go.mod h1:n7NCudcB/nEzxVGmLbDWY5pfWTLqBcC2KZ6jyYvM4mQ=
golang.org/x/tools v0.0.0-20190227232517-f0a709d59f0f h1:1erVoOWaNsO4Md/GEKlXt8vZdXvGtr1FBbXxA5Z5yhw=
golang.org/x/tools v0.0.0-20190227232517-f0a709d59f0f/go.mod h1:9Yl7xja0Znq3iFh3HoIrodX9oNMXvdceNzlUR8zjMvY=
google.golang.org/appengine v1.4.0/go.mod h1:xpcJRLb0r/rnEns0DIKYYv+WjYCduHsrkT7/EB5XEv4=
